
Microsoft Visual Studio Solution File, Format Version 12.00
# Visual Studio Version 17
VisualStudioVersion = 17.13.35931.197
MinimumVisualStudioVersion = 10.0.40219.1
Project("{FAE04EC0-301F-11D3-BF4B-00C04F79EFBC}") = "ManDrill.Client", "ManDrill.Client\ManDrill.Client.csproj", "{6692A983-628B-4366-A7C4-8CAF95D6D653}"
EndProject
Global
	GlobalSection(SolutionConfigurationPlatforms) = preSolution
		Debug|Any CPU = Debug|Any CPU
		Release|Any CPU = Release|Any CPU
	EndGlobalSection
	GlobalSection(ProjectConfigurationPlatforms) = postSolution
		{6692A983-628B-4366-A7C4-8CAF95D6D653}.Debug|Any CPU.ActiveCfg = Debug|Any CPU
		{6692A983-628B-4366-A7C4-8CAF95D6D653}.Debug|Any CPU.Build.0 = Debug|Any CPU
		{6692A983-628B-4366-A7C4-8CAF95D6D653}.Release|Any CPU.ActiveCfg = Release|Any CPU
		{6692A983-628B-4366-A7C4-8CAF95D6D653}.Release|Any CPU.Build.0 = Release|Any CPU
	EndGlobalSection
	GlobalSection(SolutionProperties) = preSolution
		HideSolutionNode = FALSE
	EndGlobalSection
	GlobalSection(ExtensibilityGlobals) = postSolution
		SolutionGuid = {536C4B90-E39B-4F74-8F05-C79E18B3EC68}
	EndGlobalSection
EndGlobal
